
Microsoft Visual Studio Solution File, Format Version 12.00
Project("{FAE04EC0-301F-11D3-BF4B-00C04F79EFBC}") = "zad1", "zad1\zad1.csproj", "{BDDDBC20-60A3-49E9-BDFB-ABCC5D3CC2E3}"
EndProject
Global
	GlobalSection(SolutionConfigurationPlatforms) = preSolution
		Debug|Any CPU = Debug|Any CPU
		Release|Any CPU = Release|Any CPU
	EndGlobalSection
	GlobalSection(ProjectConfigurationPlatforms) = postSolution
		{BDDDBC20-60A3-49E9-BDFB-ABCC5D3CC2E3}.Debug|Any CPU.ActiveCfg = Debug|Any CPU
		{BDDDBC20-60A3-49E9-BDFB-ABCC5D3CC2E3}.Debug|Any CPU.Build.0 = Debug|Any CPU
		{BDDDBC20-60A3-49E9-BDFB-ABCC5D3CC2E3}.Release|Any CPU.ActiveCfg = Release|Any CPU
		{BDDDBC20-60A3-49E9-BDFB-ABCC5D3CC2E3}.Release|Any CPU.Build.0 = Release|Any CPU
	EndGlobalSection
EndGlobal
